
Microsoft Visual Studio Solution File, Format Version 12.00
# Visual Studio Version 16
VisualStudioVersion = 16.0.29326.143
MinimumVisualStudioVersion = 10.0.40219.1
Project("{FAE04EC0-301F-11D3-BF4B-00C04F79EFBC}") = "AbExport", "AbExport\AbExport.csproj", "{AFBD777E-70C0-4634-A9D5-468837A50D07}"
EndProject
Global
	GlobalSection(SolutionConfigurationPlatforms) = preSolution
		Debug|Any CPU = Debug|Any CPU
		Release|Any CPU = Release|Any CPU
	EndGlobalSection
	GlobalSection(ProjectConfigurationPlatforms) = postSolution
		{AFBD777E-70C0-4634-A9D5-468837A50D07}.Debug|Any CPU.ActiveCfg = Debug|Any CPU
		{AFBD777E-70C0-4634-A9D5-468837A50D07}.Debug|Any CPU.Build.0 = Debug|Any CPU
		{AFBD777E-70C0-4634-A9D5-468837A50D07}.Release|Any CPU.ActiveCfg = Release|Any CPU
		{AFBD777E-70C0-4634-A9D5-468837A50D07}.Release|Any CPU.Build.0 = Release|Any CPU
	EndGlobalSection
	GlobalSection(SolutionProperties) = preSolution
		HideSolutionNode = FALSE
	EndGlobalSection
	GlobalSection(ExtensibilityGlobals) = postSolution
		SolutionGuid = {698E8AC8-B7E2-41C6-88C4-BED7CA3A723A}
	EndGlobalSection
EndGlobal
