
Microsoft Visual Studio Solution File, Format Version 12.00
# Visual Studio Version 16
VisualStudioVersion = 16.0.29326.143
MinimumVisualStudioVersion = 10.0.40219.1
Project("{FAE04EC0-301F-11D3-BF4B-00C04F79EFBC}") = "EvolutionaryAlgorithm", "EvolutionaryAlgorithm\EvolutionaryAlgorithm.csproj", "{C73179A1-58BD-43B4-BA9C-950211A0A596}"
EndProject
Global
	GlobalSection(SolutionConfigurationPlatforms) = preSolution
		Debug|Any CPU = Debug|Any CPU
		Release|Any CPU = Release|Any CPU
	EndGlobalSection
	GlobalSection(ProjectConfigurationPlatforms) = postSolution
		{C73179A1-58BD-43B4-BA9C-950211A0A596}.Debug|Any CPU.ActiveCfg = Debug|Any CPU
		{C73179A1-58BD-43B4-BA9C-950211A0A596}.Debug|Any CPU.Build.0 = Debug|Any CPU
		{C73179A1-58BD-43B4-BA9C-950211A0A596}.Release|Any CPU.ActiveCfg = Release|Any CPU
		{C73179A1-58BD-43B4-BA9C-950211A0A596}.Release|Any CPU.Build.0 = Release|Any CPU
	EndGlobalSection
	GlobalSection(SolutionProperties) = preSolution
		HideSolutionNode = FALSE
	EndGlobalSection
	GlobalSection(ExtensibilityGlobals) = postSolution
		SolutionGuid = {0DA7EC7E-2C3D-4E70-99E3-EABEC4B2BD99}
	EndGlobalSection
EndGlobal
